// !$*UTF8*$!
{
	archiveVersion = 1;
	classes = {
	};
	objectVersion = 56;
	objects = {

/* Begin PBXBuildFile section */
		1F092DFA2933BF3C000F43AD /* GeichaProjectApp.swift in Sources */ = {isa = PBXBuildFile; fileRef = 1F092DF92933BF3C000F43AD /* GeichaProjectApp.swift */; };
		1F092DFE2933BF3E000F43AD /* Assets.xcassets in Resources */ = {isa = PBXBuildFile; fileRef = 1F092DFD2933BF3E000F43AD /* Assets.xcassets */; };
		1F092E012933BF3E000F43AD /* Preview Assets.xcassets in Resources */ = {isa = PBXBuildFile; fileRef = 1F092E002933BF3E000F43AD /* Preview Assets.xcassets */; };
		1F092E0A2933C079000F43AD /* DataModel.swift in Sources */ = {isa = PBXBuildFile; fileRef = 1F092E092933C079000F43AD /* DataModel.swift */; };
		1F092E0D2933C0AD000F43AD /* Order.swift in Sources */ = {isa = PBXBuildFile; fileRef = 1F092E0C2933C0AD000F43AD /* Order.swift */; };
		1F092E152933C0EB000F43AD /* CheckBoxView.swift in Sources */ = {isa = PBXBuildFile; fileRef = 1F092E102933C0EB000F43AD /* CheckBoxView.swift */; };
		1F092E162933C0EB000F43AD /* ItemRow.swift in Sources */ = {isa = PBXBuildFile; fileRef = 1F092E112933C0EB000F43AD /* ItemRow.swift */; };
		1F092E172933C0EB000F43AD /* ContentView.swift in Sources */ = {isa = PBXBuildFile; fileRef = 1F092E122933C0EB000F43AD /* ContentView.swift */; };
		1F092E182933C0EB000F43AD /* MainView.swift in Sources */ = {isa = PBXBuildFile; fileRef = 1F092E132933C0EB000F43AD /* MainView.swift */; };
		1F092E192933C0EB000F43AD /* BasketView.swift in Sources */ = {isa = PBXBuildFile; fileRef = 1F092E142933C0EB000F43AD /* BasketView.swift */; };
/* End PBXBuildFile section */

/* Begin PBXFileReference section */
		1F092DF62933BF3C000F43AD /* GeichaProject.app */ = {isa = PBXFileReference; explicitFileType = wrapper.application; includeInIndex = 0; path = GeichaProject.app; sourceTree = BUILT_PRODUCTS_DIR; };
		1F092DF92933BF3C000F43AD /* GeichaProjectApp.swift */ = {isa = PBXFileReference; lastKnownFileType = sourcecode.swift; path = GeichaProjectApp.swift; sourceTree = "<group>"; };
		1F092DFD2933BF3E000F43AD /* Assets.xcassets */ = {isa = PBXFileReference; lastKnownFileType = folder.assetcatalog; path = Assets.xcassets; sourceTree = "<group>"; };
		1F092E002933BF3E000F43AD /* Preview Assets.xcassets */ = {isa = PBXFileReference; lastKnownFileType = folder.assetcatalog; path = "Preview Assets.xcassets"; sourceTree = "<group>"; };
		1F092E092933C079000F43AD /* DataModel.swift */ = {isa = PBXFileReference; fileEncoding = 4; lastKnownFileType = sourcecode.swift; path = DataModel.swift; sourceTree = "<group>"; };
		1F092E0C2933C0AD000F43AD /* Order.swift */ = {isa = PBXFileReference; fileEncoding = 4; lastKnownFileType = sourcecode.swift; path = Order.swift; sourceTree = "<group>"; };
		1F092E102933C0EB000F43AD /* CheckBoxView.swift */ = {isa = PBXFileReference; fileEncoding = 4; lastKnownFileType = sourcecode.swift; path = CheckBoxView.swift; sourceTree = "<group>"; };
		1F092E112933C0EB000F43AD /* ItemRow.swift */ = {isa = PBXFileReference; fileEncoding = 4; lastKnownFileType = sourcecode.swift; path = ItemRow.swift; sourceTree = "<group>"; };
		1F092E122933C0EB000F43AD /* ContentView.swift */ = {isa = PBXFileReference; fileEncoding = 4; lastKnownFileType = sourcecode.swift; path = ContentView.swift; sourceTree = "<group>"; };
		1F092E132933C0EB000F43AD /* MainView.swift */ = {isa = PBXFileReference; fileEncoding = 4; lastKnownFileType = sourcecode.swift; path = MainView.swift; sourceTree = "<group>"; };
		1F092E142933C0EB000F43AD /* BasketView.swift */ = {isa = PBXFileReference; fileEncoding = 4; lastKnownFileType = sourcecode.swift; path = BasketView.swift; sourceTree = "<group>"; };
/* End PBXFileReference section */

/* Begin PBXFrameworksBuildPhase section */
		1F092DF32933BF3C000F43AD /* Frameworks */ = {
			isa = PBXFrameworksBuildPhase;
			buildActionMask = 2147483647;
			files = (
			);
			runOnlyForDeploymentPostprocessing = 0;
		};
/* End PBXFrameworksBuildPhase section */

/* Begin PBXGroup section */
		1F092DED2933BF3C000F43AD = {
			isa = PBXGroup;
			children = (
				1F092DF82933BF3C000F43AD /* GeichaProject */,
				1F092DF72933BF3C000F43AD /* Products */,
			);
			sourceTree = "<group>";
		};
		1F092DF72933BF3C000F43AD /* Products */ = {
			isa = PBXGroup;
			children = (
				1F092DF62933BF3C000F43AD /* GeichaProject.app */,
			);
			name = Products;
			sourceTree = "<group>";
		};
		1F092DF82933BF3C000F43AD /* GeichaProject */ = {
			isa = PBXGroup;
			children = (
				1F092DF92933BF3C000F43AD /* GeichaProjectApp.swift */,
				1F092E0F2933C0C6000F43AD /* Views */,
				1F092E0E2933C0B4000F43AD /* ViewModel */,
				1F092E0B2933C07D000F43AD /* Model */,
				1F092DFD2933BF3E000F43AD /* Assets.xcassets */,
				1F092DFF2933BF3E000F43AD /* Preview Content */,
			);
			path = GeichaProject;
			sourceTree = "<group>";
		};
		1F092DFF2933BF3E000F43AD /* Preview Content */ = {
			isa = PBXGroup;
			children = (
				1F092E002933BF3E000F43AD /* Preview Assets.xcassets */,
			);
			path = "Preview Content";
			sourceTree = "<group>";
		};
		1F092E0B2933C07D000F43AD /* Model */ = {
			isa = PBXGroup;
			children = (
				1F092E092933C079000F43AD /* DataModel.swift */,
			);
			path = Model;
			sourceTree = "<group>";
		};
		1F092E0E2933C0B4000F43AD /* ViewModel */ = {
			isa = PBXGroup;
			children = (
				1F092E0C2933C0AD000F43AD /* Order.swift */,
			);
			path = ViewModel;
			sourceTree = "<group>";
		};
		1F092E0F2933C0C6000F43AD /* Views */ = {
			isa = PBXGroup;
			children = (
				1F092E142933C0EB000F43AD /* BasketView.swift */,
				1F092E122933C0EB000F43AD /* ContentView.swift */,
				1F092E102933C0EB000F43AD /* CheckBoxView.swift */,
				1F092E112933C0EB000F43AD /* ItemRow.swift */,
				1F092E132933C0EB000F43AD /* MainView.swift */,
			);
			path = Views;
			sourceTree = "<group>";
		};
/* End PBXGroup section */

/* Begin PBXNativeTarget section */
		1F092DF52933BF3C000F43AD /* GeichaProject */ = {
			isa = PBXNativeTarget;
			buildConfigurationList = 1F092E042933BF3E000F43AD /* Build configuration list for PBXNativeTarget "GeichaProject" */;
			buildPhases = (
				1F092DF22933BF3C000F43AD /* Sources */,
				1F092DF32933BF3C000F43AD /* Frameworks */,
				1F092DF42933BF3C000F43AD /* Resources */,
				1F5F7239293D3703000E23F2 /* ShellScript */,
			);
			buildRules = (
			);
			dependencies = (
			);
			name = GeichaProject;
			productName = GeichaProject;
			productReference = 1F092DF62933BF3C000F43AD /* GeichaProject.app */;
			productType = "com.apple.product-type.application";
		};
/* End PBXNativeTarget section */

/* Begin PBXProject section */
		1F092DEE2933BF3C000F43AD /* Project object */ = {
			isa = PBXProject;
			attributes = {
				BuildIndependentTargetsInParallel = 1;
				LastSwiftUpdateCheck = 1410;
				LastUpgradeCheck = 1410;
				TargetAttributes = {
					1F092DF52933BF3C000F43AD = {
						CreatedOnToolsVersion = 14.1;
					};
				};
			};
			buildConfigurationList = 1F092DF12933BF3C000F43AD /* Build configuration list for PBXProject "GeichaProject" */;
			compatibilityVersion = "Xcode 14.0";
			developmentRegion = en;
			hasScannedForEncodings = 0;
			knownRegions = (
				en,
				Base,
			);
			mainGroup = 1F092DED2933BF3C000F43AD;
			productRefGroup = 1F092DF72933BF3C000F43AD /* Products */;
			projectDirPath = "";
			projectRoot = "";
			targets = (
				1F092DF52933BF3C000F43AD /* GeichaProject */,
			);
		};
/* End PBXProject section */

/* Begin PBXResourcesBuildPhase section */
		1F092DF42933BF3C000F43AD /* Resources */ = {
			isa = PBXResourcesBuildPhase;
			buildActionMask = 2147483647;
			files = (
				1F092E012933BF3E000F43AD /* Preview Assets.xcassets in Resources */,
				1F092DFE2933BF3E000F43AD /* Assets.xcassets in Resources */,
			);
			runOnlyForDeploymentPostprocessing = 0;
		};
/* End PBXResourcesBuildPhase section */

/* Begin PBXShellScriptBuildPhase section */
		1F5F7239293D3703000E23F2 /* ShellScript */ = {
			isa = PBXShellScriptBuildPhase;
			buildActionMask = 8;
			files = (
			);
			inputFileListPaths = (
			);
			inputPaths = (
			);
			outputFileListPaths = (
			);
			outputPaths = (
			);
			runOnlyForDeploymentPostprocessing = 1;
			shellPath = /bin/sh;
			shellScript = "# Type a script or drag a script file from your workspace to insert its path.\nif which swiftlint >/dev/null; then\n    swiftlint\nelse \n    echo \"warning: Swiftlint not installed\"\nfi\n";
		};
/* End PBXShellScriptBuildPhase section */

/* Begin PBXSourcesBuildPhase section */
		1F092DF22933BF3C000F43AD /* Sources */ = {
			isa = PBXSourcesBuildPhase;
			buildActionMask = 2147483647;
			files = (
				1F092E192933C0EB000F43AD /* BasketView.swift in Sources */,
				1F092E182933C0EB000F43AD /* MainView.swift in Sources */,
				1F092E152933C0EB000F43AD /* CheckBoxView.swift in Sources */,
				1F092E172933C0EB000F43AD /* ContentView.swift in Sources */,
				1F092E0A2933C079000F43AD /* DataModel.swift in Sources */,
				1F092E162933C0EB000F43AD /* ItemRow.swift in Sources */,
				1F092E0D2933C0AD000F43AD /* Order.swift in Sources */,
				1F092DFA2933BF3C000F43AD /* GeichaProjectApp.swift in Sources */,
			);
			runOnlyForDeploymentPostprocessing = 0;
		};
/* End PBXSourcesBuildPhase section */

/* Begin XCBuildConfiguration section */
		1F092E022933BF3E000F43AD /* Debug */ = {
			isa = XCBuildConfiguration;
			buildSettings = {
				ALWAYS_SEARCH_USER_PATHS = NO;
				CLANG_ANALYZER_NONNULL = YES;
				CLANG_ANALYZER_NUMBER_OBJECT_CONVERSION = YES_AGGRESSIVE;
				CLANG_CXX_LANGUAGE_STANDARD = "gnu++20";
				CLANG_ENABLE_MODULES = YES;
				CLANG_ENABLE_OBJC_ARC = YES;
				CLANG_ENABLE_OBJC_WEAK = YES;
				CLANG_WARN_BLOCK_CAPTURE_AUTORELEASING = YES;
				CLANG_WARN_BOOL_CONVERSION = YES;
				CLANG_WARN_COMMA = YES;
				CLANG_WARN_CONSTANT_CONVERSION = YES;
				CLANG_WARN_DEPRECATED_OBJC_IMPLEMENTATIONS = YES;
				CLANG_WARN_DIRECT_OBJC_ISA_USAGE = YES_ERROR;
				CLANG_WARN_DOCUMENTATION_COMMENTS = YES;
				CLANG_WARN_EMPTY_BODY = YES;
				CLANG_WARN_ENUM_CONVERSION = YES;
				CLANG_WARN_INFINITE_RECURSION = YES;
				CLANG_WARN_INT_CONVERSION = YES;
				CLANG_WARN_NON_LITERAL_NULL_CONVERSION = YES;
				CLANG_WARN_OBJC_IMPLICIT_RETAIN_SELF = YES;
				CLANG_WARN_OBJC_LITERAL_CONVERSION = YES;
				CLANG_WARN_OBJC_ROOT_CLASS = YES_ERROR;
				CLANG_WARN_QUOTED_INCLUDE_IN_FRAMEWORK_HEADER = YES;
				CLANG_WARN_RANGE_LOOP_ANALYSIS = YES;
				CLANG_WARN_STRICT_PROTOTYPES = YES;
				CLANG_WARN_SUSPICIOUS_MOVE = YES;
				CLANG_WARN_UNGUARDED_AVAILABILITY = YES_AGGRESSIVE;
				CLANG_WARN_UNREACHABLE_CODE = YES;
				CLANG_WARN__DUPLICATE_METHOD_MATCH = YES;
				COPY_PHASE_STRIP = NO;
				DEBUG_INFORMATION_FORMAT = dwarf;
				ENABLE_STRICT_OBJC_MSGSEND = YES;
				ENABLE_TESTABILITY = YES;
				GCC_C_LANGUAGE_STANDARD = gnu11;
				GCC_DYNAMIC_NO_PIC = NO;
				GCC_NO_COMMON_BLOCKS = YES;
				GCC_OPTIMIZATION_LEVEL = 0;
				GCC_PREPROCESSOR_DEFINITIONS = (
					"DEBUG=1",
					"$(inherited)",
				);
				GCC_WARN_64_TO_32_BIT_CONVERSION = YES;
				GCC_WARN_ABOUT_RETURN_TYPE = YES_ERROR;
				GCC_WARN_UNDECLARED_SELECTOR = YES;
				GCC_WARN_UNINITIALIZED_AUTOS = YES_AGGRESSIVE;
				GCC_WARN_UNUSED_FUNCTION = YES;
				GCC_WARN_UNUSED_VARIABLE = YES;
				IPHONEOS_DEPLOYMENT_TARGET = 16.1;
				MTL_ENABLE_DEBUG_INFO = INCLUDE_SOURCE;
				MTL_FAST_MATH = YES;
				ONLY_ACTIVE_ARCH = YES;
				SDKROOT = iphoneos;
				SWIFT_ACTIVE_COMPILATION_CONDITIONS = DEBUG;
				SWIFT_OPTIMIZATION_LEVEL = "-Onone";
			};
			name = Debug;
		};
		1F092E032933BF3E000F43AD /* Release */ = {
			isa = XCBuildConfiguration;
			buildSettings = {
				ALWAYS_SEARCH_USER_PATHS = NO;
				CLANG_ANALYZER_NONNULL = YES;
				CLANG_ANALYZER_NUMBER_OBJECT_CONVERSION = YES_AGGRESSIVE;
				CLANG_CXX_LANGUAGE_STANDARD = "gnu++20";
				CLANG_ENABLE_MODULES = YES;
				CLANG_ENABLE_OBJC_ARC = YES;
				CLANG_ENABLE_OBJC_WEAK = YES;
				CLANG_WARN_BLOCK_CAPTURE_AUTORELEASING = YES;
				CLANG_WARN_BOOL_CONVERSION = YES;
				CLANG_WARN_COMMA = YES;
				CLANG_WARN_CONSTANT_CONVERSION = YES;
				CLANG_WARN_DEPRECATED_OBJC_IMPLEMENTATIONS = YES;
				CLANG_WARN_DIRECT_OBJC_ISA_USAGE = YES_ERROR;
				CLANG_WARN_DOCUMENTATION_COMMENTS = YES;
				CLANG_WARN_EMPTY_BODY = YES;
				CLANG_WARN_ENUM_CONVERSION = YES;
				CLANG_WARN_INFINITE_RECURSION = YES;
				CLANG_WARN_INT_CONVERSION = YES;
				CLANG_WARN_NON_LITERAL_NULL_CONVERSION = YES;
				CLANG_WARN_OBJC_IMPLICIT_RETAIN_SELF = YES;
				CLANG_WARN_OBJC_LITERAL_CONVERSION = YES;
				CLANG_WARN_OBJC_ROOT_CLASS = YES_ERROR;
				CLANG_WARN_QUOTED_INCLUDE_IN_FRAMEWORK_HEADER = YES;
				CLANG_WARN_RANGE_LOOP_ANALYSIS = YES;
				CLANG_WARN_STRICT_PROTOTYPES = YES;
				CLANG_WARN_SUSPICIOUS_MOVE = YES;
				CLANG_WARN_UNGUARDED_AVAILABILITY = YES_AGGRESSIVE;
				CLANG_WARN_UNREACHABLE_CODE = YES;
				CLANG_WARN__DUPLICATE_METHOD_MATCH = YES;
				COPY_PHASE_STRIP = NO;
				DEBUG_INFORMATION_FORMAT = "dwarf-with-dsym";
				ENABLE_NS_ASSERTIONS = NO;
				ENABLE_STRICT_OBJC_MSGSEND = YES;
				GCC_C_LANGUAGE_STANDARD = gnu11;
				GCC_NO_COMMON_BLOCKS = YES;
				GCC_WARN_64_TO_32_BIT_CONVERSION = YES;
				GCC_WARN_ABOUT_RETURN_TYPE = YES_ERROR;
				GCC_WARN_UNDECLARED_SELECTOR = YES;
				GCC_WARN_UNINITIALIZED_AUTOS = YES_AGGRESSIVE;
				GCC_WARN_UNUSED_FUNCTION = YES;
				GCC_WARN_UNUSED_VARIABLE = YES;
				IPHONEOS_DEPLOYMENT_TARGET = 16.1;
				MTL_ENABLE_DEBUG_INFO = NO;
				MTL_FAST_MATH = YES;
				SDKROOT = iphoneos;
				SWIFT_COMPILATION_MODE = wholemodule;
				SWIFT_OPTIMIZATION_LEVEL = "-O";
				VALIDATE_PRODUCT = YES;
			};
			name = Release;
		};
		1F092E052933BF3E000F43AD /* Debug */ = {
			isa = XCBuildConfiguration;
			buildSettings = {
				ASSETCATALOG_COMPILER_APPICON_NAME = AppIcon;
				ASSETCATALOG_COMPILER_GLOBAL_ACCENT_COLOR_NAME = AccentColor;
				CODE_SIGN_STYLE = Automatic;
				CURRENT_PROJECT_VERSION = 1;
				DEVELOPMENT_ASSET_PATHS = "\"GeichaProject/Preview Content\"";
				DEVELOPMENT_TEAM = P3K32DW2KW;
				ENABLE_PREVIEWS = YES;
				GENERATE_INFOPLIST_FILE = YES;
				INFOPLIST_KEY_UIApplicationSceneManifest_Generation = YES;
				INFOPLIST_KEY_UIApplicationSupportsIndirectInputEvents = YES;
				INFOPLIST_KEY_UILaunchScreen_Generation = YES;
				INFOPLIST_KEY_UISupportedInterfaceOrientations_iPad = "UIInterfaceOrientationPortrait UIInterfaceOrientationPortraitUpsideDown UIInterfaceOrientationLandscapeLeft UIInterfaceOrientationLandscapeRight";
				INFOPLIST_KEY_UISupportedInterfaceOrientations_iPhone = "UIInterfaceOrientationPortrait UIInterfaceOrientationLandscapeLeft UIInterfaceOrientationLandscapeRight";
				LD_RUNPATH_SEARCH_PATHS = (
					"$(inherited)",
					"@executable_path/Frameworks",
				);
				MARKETING_VERSION = 1.0;
				PRODUCT_BUNDLE_IDENTIFIER = cz.marcel.GeichaProject;
				PRODUCT_NAME = "$(TARGET_NAME)";
				SWIFT_EMIT_LOC_STRINGS = YES;
				SWIFT_VERSION = 5.0;
				TARGETED_DEVICE_FAMILY = "1,2";
			};
			name = Debug;
		};
		1F092E062933BF3E000F43AD /* Release */ = {
			isa = XCBuildConfiguration;
			buildSettings = {
				ASSETCATALOG_COMPILER_APPICON_NAME = AppIcon;
				ASSETCATALOG_COMPILER_GLOBAL_ACCENT_COLOR_NAME = AccentColor;
				CODE_SIGN_STYLE = Automatic;
				CURRENT_PROJECT_VERSION = 1;
				DEVELOPMENT_ASSET_PATHS = "\"GeichaProject/Preview Content\"";
				DEVELOPMENT_TEAM = P3K32DW2KW;
				ENABLE_PREVIEWS = YES;
				GENERATE_INFOPLIST_FILE = YES;
				INFOPLIST_KEY_UIApplicationSceneManifest_Generation = YES;
				INFOPLIST_KEY_UIApplicationSupportsIndirectInputEvents = YES;
				INFOPLIST_KEY_UILaunchScreen_Generation = YES;
				INFOPLIST_KEY_UISupportedInterfaceOrientations_iPad = "UIInterfaceOrientationPortrait UIInterfaceOrientationPortraitUpsideDown UIInterfaceOrientationLandscapeLeft UIInterfaceOrientationLandscapeRight";
				INFOPLIST_KEY_UISupportedInterfaceOrientations_iPhone = "UIInterfaceOrientationPortrait UIInterfaceOrientationLandscapeLeft UIInterfaceOrientationLandscapeRight";
				LD_RUNPATH_SEARCH_PATHS = (
					"$(inherited)",
					"@executable_path/Frameworks",
				);
				MARKETING_VERSION = 1.0;
				PRODUCT_BUNDLE_IDENTIFIER = cz.marcel.GeichaProject;
				PRODUCT_NAME = "$(TARGET_NAME)";
				SWIFT_EMIT_LOC_STRINGS = YES;
				SWIFT_VERSION = 5.0;
				TARGETED_DEVICE_FAMILY = "1,2";
			};
			name = Release;
		};
/* End XCBuildConfiguration section */

/* Begin XCConfigurationList section */
		1F092DF12933BF3C000F43AD /* Build configuration list for PBXProject "GeichaProject" */ = {
			isa = XCConfigurationList;
			buildConfigurations = (
				1F092E022933BF3E000F43AD /* Debug */,
				1F092E032933BF3E000F43AD /* Release */,
			);
			defaultConfigurationIsVisible = 0;
			defaultConfigurationName = Release;
		};
		1F092E042933BF3E000F43AD /* Build configuration list for PBXNativeTarget "GeichaProject" */ = {
			isa = XCConfigurationList;
			buildConfigurations = (
				1F092E052933BF3E000F43AD /* Debug */,
				1F092E062933BF3E000F43AD /* Release */,
			);
			defaultConfigurationIsVisible = 0;
			defaultConfigurationName = Release;
		};
/* End XCConfigurationList section */
	};
	rootObject = 1F092DEE2933BF3C000F43AD /* Project object */;
}
